
Microsoft Visual Studio Solution File, Format Version 12.00
# Visual Studio Version 17
VisualStudioVersion = 17.5.33414.496
MinimumVisualStudioVersion = 10.0.40219.1
Project("{9A19103F-16F7-4668-BE54-9A1E7A4F7556}") = "BECodingChallenge", "BECodingChallenge\BECodingChallenge.csproj", "{8F9C6022-380B-49F6-AD6F-2DBA792F697F}"
EndProject
Project("{9A19103F-16F7-4668-BE54-9A1E7A4F7556}") = "BECodingChallengeService", "BECodingChallengeService\BECodingChallengeService.csproj", "{EB9BA321-5135-4ABF-900F-FFE17C2A57B2}"
EndProject
Project("{FAE04EC0-301F-11D3-BF4B-00C04F79EFBC}") = "BECodingChallengeServiceTest", "BECodingChallengeServiceTest\BECodingChallengeServiceTest.csproj", "{1DE6A11F-002A-4DEC-A6E2-3C7B2F8659A7}"
EndProject
Global
	GlobalSection(SolutionConfigurationPlatforms) = preSolution
		Debug|Any CPU = Debug|Any CPU
		Release|Any CPU = Release|Any CPU
	EndGlobalSection
	GlobalSection(ProjectConfigurationPlatforms) = postSolution
		{8F9C6022-380B-49F6-AD6F-2DBA792F697F}.Debug|Any CPU.ActiveCfg = Debug|Any CPU
		{8F9C6022-380B-49F6-AD6F-2DBA792F697F}.Debug|Any CPU.Build.0 = Debug|Any CPU
		{8F9C6022-380B-49F6-AD6F-2DBA792F697F}.Release|Any CPU.ActiveCfg = Release|Any CPU
		{8F9C6022-380B-49F6-AD6F-2DBA792F697F}.Release|Any CPU.Build.0 = Release|Any CPU
		{EB9BA321-5135-4ABF-900F-FFE17C2A57B2}.Debug|Any CPU.ActiveCfg = Debug|Any CPU
		{EB9BA321-5135-4ABF-900F-FFE17C2A57B2}.Debug|Any CPU.Build.0 = Debug|Any CPU
		{EB9BA321-5135-4ABF-900F-FFE17C2A57B2}.Release|Any CPU.ActiveCfg = Release|Any CPU
		{EB9BA321-5135-4ABF-900F-FFE17C2A57B2}.Release|Any CPU.Build.0 = Release|Any CPU
		{1DE6A11F-002A-4DEC-A6E2-3C7B2F8659A7}.Debug|Any CPU.ActiveCfg = Debug|Any CPU
		{1DE6A11F-002A-4DEC-A6E2-3C7B2F8659A7}.Debug|Any CPU.Build.0 = Debug|Any CPU
		{1DE6A11F-002A-4DEC-A6E2-3C7B2F8659A7}.Release|Any CPU.ActiveCfg = Release|Any CPU
		{1DE6A11F-002A-4DEC-A6E2-3C7B2F8659A7}.Release|Any CPU.Build.0 = Release|Any CPU
	EndGlobalSection
	GlobalSection(SolutionProperties) = preSolution
		HideSolutionNode = FALSE
	EndGlobalSection
	GlobalSection(ExtensibilityGlobals) = postSolution
		SolutionGuid = {894E7430-770C-4815-A9B1-F00A48519180}
	EndGlobalSection
EndGlobal
